
Microsoft Visual Studio Solution File, Format Version 12.00
Project("{FAE04EC0-301F-11D3-BF4B-00C04F79EFBC}") = "dawn.ftp.ui", "dawn.ftp.ui\dawn.ftp.ui.csproj", "{4E1759B0-4E79-4925-BF42-A282BBAA975F}"
EndProject
Global
	GlobalSection(SolutionConfigurationPlatforms) = preSolution
		Debug|Any CPU = Debug|Any CPU
		Debug|x64 = Debug|x64
		Debug|x86 = Debug|x86
		Release|Any CPU = Release|Any CPU
		Release|x64 = Release|x64
		Release|x86 = Release|x86
	EndGlobalSection
	GlobalSection(ProjectConfigurationPlatforms) = postSolution
		{4E1759B0-4E79-4925-BF42-A282BBAA975F}.Debug|Any CPU.ActiveCfg = Debug|Any CPU
		{4E1759B0-4E79-4925-BF42-A282BBAA975F}.Debug|Any CPU.Build.0 = Debug|Any CPU
		{4E1759B0-4E79-4925-BF42-A282BBAA975F}.Debug|x64.ActiveCfg = Debug|Any CPU
		{4E1759B0-4E79-4925-BF42-A282BBAA975F}.Debug|x64.Build.0 = Debug|Any CPU
		{4E1759B0-4E79-4925-BF42-A282BBAA975F}.Debug|x86.ActiveCfg = Debug|Any CPU
		{4E1759B0-4E79-4925-BF42-A282BBAA975F}.Debug|x86.Build.0 = Debug|Any CPU
		{4E1759B0-4E79-4925-BF42-A282BBAA975F}.Release|Any CPU.ActiveCfg = Release|Any CPU
		{4E1759B0-4E79-4925-BF42-A282BBAA975F}.Release|Any CPU.Build.0 = Release|Any CPU
		{4E1759B0-4E79-4925-BF42-A282BBAA975F}.Release|x64.ActiveCfg = Release|Any CPU
		{4E1759B0-4E79-4925-BF42-A282BBAA975F}.Release|x64.Build.0 = Release|Any CPU
		{4E1759B0-4E79-4925-BF42-A282BBAA975F}.Release|x86.ActiveCfg = Release|Any CPU
		{4E1759B0-4E79-4925-BF42-A282BBAA975F}.Release|x86.Build.0 = Release|Any CPU
	EndGlobalSection
	GlobalSection(SolutionProperties) = preSolution
		HideSolutionNode = FALSE
	EndGlobalSection
EndGlobal
